// !$*UTF8*$!
{
	archiveVersion = 1;
	classes = {
	};
	objectVersion = 46;
	objects = {

/* Begin PBXBuildFile section */
		1848AD4519C8242E0036318E /* Foundation.framework in Frameworks */ = {isa = PBXBuildFile; fileRef = 1848AD4419C8242E0036318E /* Foundation.framework */; };
		1848AD4719C8242E0036318E /* CoreGraphics.framework in Frameworks */ = {isa = PBXBuildFile; fileRef = 1848AD4619C8242E0036318E /* CoreGraphics.framework */; };
		1848AD4919C8242E0036318E /* UIKit.framework in Frameworks */ = {isa = PBXBuildFile; fileRef = 1848AD4819C8242E0036318E /* UIKit.framework */; };
		1848AD4F19C8242E0036318E /* InfoPlist.strings in Resources */ = {isa = PBXBuildFile; fileRef = 1848AD4D19C8242E0036318E /* InfoPlist.strings */; };
		1848AD5119C8242E0036318E /* main.m in Sources */ = {isa = PBXBuildFile; fileRef = 1848AD5019C8242E0036318E /* main.m */; };
		1848AD5519C8242E0036318E /* DKAppDelegate.m in Sources */ = {isa = PBXBuildFile; fileRef = 1848AD5419C8242E0036318E /* DKAppDelegate.m */; };
		1848AD5719C8242E0036318E /* Images.xcassets in Resources */ = {isa = PBXBuildFile; fileRef = 1848AD5619C8242E0036318E /* Images.xcassets */; };
		1848AD5E19C8242E0036318E /* XCTest.framework in Frameworks */ = {isa = PBXBuildFile; fileRef = 1848AD5D19C8242E0036318E /* XCTest.framework */; };
		1848AD5F19C8242E0036318E /* Foundation.framework in Frameworks */ = {isa = PBXBuildFile; fileRef = 1848AD4419C8242E0036318E /* Foundation.framework */; };
		1848AD6019C8242E0036318E /* UIKit.framework in Frameworks */ = {isa = PBXBuildFile; fileRef = 1848AD4819C8242E0036318E /* UIKit.framework */; };
		1848AD6819C8242E0036318E /* InfoPlist.strings in Resources */ = {isa = PBXBuildFile; fileRef = 1848AD6619C8242E0036318E /* InfoPlist.strings */; };
		1848AD6A19C8242E0036318E /* DKPageScrollViewTests.m in Sources */ = {isa = PBXBuildFile; fileRef = 1848AD6919C8242E0036318E /* DKPageScrollViewTests.m */; };
		1848AD7619C8243F0036318E /* DKTestViewController.m in Sources */ = {isa = PBXBuildFile; fileRef = 1848AD7419C8243F0036318E /* DKTestViewController.m */; };
		1848AD7719C8243F0036318E /* DKTestViewController.xib in Resources */ = {isa = PBXBuildFile; fileRef = 1848AD7519C8243F0036318E /* DKTestViewController.xib */; };
		1848AD7B19C824DA0036318E /* DKPageScrollView.m in Sources */ = {isa = PBXBuildFile; fileRef = 1848AD7A19C824DA0036318E /* DKPageScrollView.m */; };
/* End PBXBuildFile section */

/* Begin PBXContainerItemProxy section */
		1848AD6119C8242E0036318E /* PBXContainerItemProxy */ = {
			isa = PBXContainerItemProxy;
			containerPortal = 1848AD3919C8242E0036318E /* Project object */;
			proxyType = 1;
			remoteGlobalIDString = 1848AD4019C8242E0036318E;
			remoteInfo = DKPageScrollView;
		};
/* End PBXContainerItemProxy section */

/* Begin PBXFileReference section */
		1848AD4119C8242E0036318E /* DKPageScrollView.app */ = {isa = PBXFileReference; explicitFileType = wrapper.application; includeInIndex = 0; path = DKPageScrollView.app; sourceTree = BUILT_PRODUCTS_DIR; };
		1848AD4419C8242E0036318E /* Foundation.framework */ = {isa = PBXFileReference; lastKnownFileType = wrapper.framework; name = Foundation.framework; path = System/Library/Frameworks/Foundation.framework; sourceTree = SDKROOT; };
		1848AD4619C8242E0036318E /* CoreGraphics.framework */ = {isa = PBXFileReference; lastKnownFileType = wrapper.framework; name = CoreGraphics.framework; path = System/Library/Frameworks/CoreGraphics.framework; sourceTree = SDKROOT; };
		1848AD4819C8242E0036318E /* UIKit.framework */ = {isa = PBXFileReference; lastKnownFileType = wrapper.framework; name = UIKit.framework; path = System/Library/Frameworks/UIKit.framework; sourceTree = SDKROOT; };
		1848AD4C19C8242E0036318E /* DKPageScrollView-Info.plist */ = {isa = PBXFileReference; lastKnownFileType = text.plist.xml; path = "DKPageScrollView-Info.plist"; sourceTree = "<group>"; };
		1848AD4E19C8242E0036318E /* en */ = {isa = PBXFileReference; lastKnownFileType = text.plist.strings; name = en; path = en.lproj/InfoPlist.strings; sourceTree = "<group>"; };
		1848AD5019C8242E0036318E /* main.m */ = {isa = PBXFileReference; lastKnownFileType = sourcecode.c.objc; path = main.m; sourceTree = "<group>"; };
		1848AD5219C8242E0036318E /* DKPageScrollView-Prefix.pch */ = {isa = PBXFileReference; lastKnownFileType = sourcecode.c.h; path = "DKPageScrollView-Prefix.pch"; sourceTree = "<group>"; };
		1848AD5319C8242E0036318E /* DKAppDelegate.h */ = {isa = PBXFileReference; lastKnownFileType = sourcecode.c.h; path = DKAppDelegate.h; sourceTree = "<group>"; };
		1848AD5419C8242E0036318E /* DKAppDelegate.m */ = {isa = PBXFileReference; lastKnownFileType = sourcecode.c.objc; path = DKAppDelegate.m; sourceTree = "<group>"; };
		1848AD5619C8242E0036318E /* Images.xcassets */ = {isa = PBXFileReference; lastKnownFileType = folder.assetcatalog; path = Images.xcassets; sourceTree = "<group>"; };
		1848AD5C19C8242E0036318E /* DKPageScrollViewTests.xctest */ = {isa = PBXFileReference; explicitFileType = wrapper.cfbundle; includeInIndex = 0; path = DKPageScrollViewTests.xctest; sourceTree = BUILT_PRODUCTS_DIR; };
		1848AD5D19C8242E0036318E /* XCTest.framework */ = {isa = PBXFileReference; lastKnownFileType = wrapper.framework; name = XCTest.framework; path = Library/Frameworks/XCTest.framework; sourceTree = DEVELOPER_DIR; };
		1848AD6519C8242E0036318E /* DKPageScrollViewTests-Info.plist */ = {isa = PBXFileReference; lastKnownFileType = text.plist.xml; path = "DKPageScrollViewTests-Info.plist"; sourceTree = "<group>"; };
		1848AD6719C8242E0036318E /* en */ = {isa = PBXFileReference; lastKnownFileType = text.plist.strings; name = en; path = en.lproj/InfoPlist.strings; sourceTree = "<group>"; };
		1848AD6919C8242E0036318E /* DKPageScrollViewTests.m */ = {isa = PBXFileReference; lastKnownFileType = sourcecode.c.objc; path = DKPageScrollViewTests.m; sourceTree = "<group>"; };
		1848AD7319C8243F0036318E /* DKTestViewController.h */ = {isa = PBXFileReference; fileEncoding = 4; lastKnownFileType = sourcecode.c.h; path = DKTestViewController.h; sourceTree = "<group>"; };
		1848AD7419C8243F0036318E /* DKTestViewController.m */ = {isa = PBXFileReference; fileEncoding = 4; lastKnownFileType = sourcecode.c.objc; path = DKTestViewController.m; sourceTree = "<group>"; };
		1848AD7519C8243F0036318E /* DKTestViewController.xib */ = {isa = PBXFileReference; fileEncoding = 4; lastKnownFileType = file.xib; path = DKTestViewController.xib; sourceTree = "<group>"; };
		1848AD7919C824DA0036318E /* DKPageScrollView.h */ = {isa = PBXFileReference; fileEncoding = 4; lastKnownFileType = sourcecode.c.h; path = DKPageScrollView.h; sourceTree = "<group>"; };
		1848AD7A19C824DA0036318E /* DKPageScrollView.m */ = {isa = PBXFileReference; fileEncoding = 4; lastKnownFileType = sourcecode.c.objc; path = DKPageScrollView.m; sourceTree = "<group>"; };
/* End PBXFileReference section */

/* Begin PBXFrameworksBuildPhase section */
		1848AD3E19C8242E0036318E /* Frameworks */ = {
			isa = PBXFrameworksBuildPhase;
			buildActionMask = 2147483647;
			files = (
				1848AD4719C8242E0036318E /* CoreGraphics.framework in Frameworks */,
				1848AD4919C8242E0036318E /* UIKit.framework in Frameworks */,
				1848AD4519C8242E0036318E /* Foundation.framework in Frameworks */,
			);
			runOnlyForDeploymentPostprocessing = 0;
		};
		1848AD5919C8242E0036318E /* Frameworks */ = {
			isa = PBXFrameworksBuildPhase;
			buildActionMask = 2147483647;
			files = (
				1848AD5E19C8242E0036318E /* XCTest.framework in Frameworks */,
				1848AD6019C8242E0036318E /* UIKit.framework in Frameworks */,
				1848AD5F19C8242E0036318E /* Foundation.framework in Frameworks */,
			);
			runOnlyForDeploymentPostprocessing = 0;
		};
/* End PBXFrameworksBuildPhase section */

/* Begin PBXGroup section */
		1848AD3819C8242E0036318E = {
			isa = PBXGroup;
			children = (
				1848AD4A19C8242E0036318E /* DKPageScrollView */,
				1848AD6319C8242E0036318E /* DKPageScrollViewTests */,
				1848AD4319C8242E0036318E /* Frameworks */,
				1848AD4219C8242E0036318E /* Products */,
			);
			sourceTree = "<group>";
		};
		1848AD4219C8242E0036318E /* Products */ = {
			isa = PBXGroup;
			children = (
				1848AD4119C8242E0036318E /* DKPageScrollView.app */,
				1848AD5C19C8242E0036318E /* DKPageScrollViewTests.xctest */,
			);
			name = Products;
			sourceTree = "<group>";
		};
		1848AD4319C8242E0036318E /* Frameworks */ = {
			isa = PBXGroup;
			children = (
				1848AD4419C8242E0036318E /* Foundation.framework */,
				1848AD4619C8242E0036318E /* CoreGraphics.framework */,
				1848AD4819C8242E0036318E /* UIKit.framework */,
				1848AD5D19C8242E0036318E /* XCTest.framework */,
			);
			name = Frameworks;
			sourceTree = "<group>";
		};
		1848AD4A19C8242E0036318E /* DKPageScrollView */ = {
			isa = PBXGroup;
			children = (
				1848AD7819C824980036318E /* classes */,
				1848AD5319C8242E0036318E /* DKAppDelegate.h */,
				1848AD5419C8242E0036318E /* DKAppDelegate.m */,
				1848AD7319C8243F0036318E /* DKTestViewController.h */,
				1848AD7419C8243F0036318E /* DKTestViewController.m */,
				1848AD7519C8243F0036318E /* DKTestViewController.xib */,
				1848AD5619C8242E0036318E /* Images.xcassets */,
				1848AD4B19C8242E0036318E /* Supporting Files */,
			);
			path = DKPageScrollView;
			sourceTree = "<group>";
		};
		1848AD4B19C8242E0036318E /* Supporting Files */ = {
			isa = PBXGroup;
			children = (
				1848AD4C19C8242E0036318E /* DKPageScrollView-Info.plist */,
				1848AD4D19C8242E0036318E /* InfoPlist.strings */,
				1848AD5019C8242E0036318E /* main.m */,
				1848AD5219C8242E0036318E /* DKPageScrollView-Prefix.pch */,
			);
			name = "Supporting Files";
			sourceTree = "<group>";
		};
		1848AD6319C8242E0036318E /* DKPageScrollViewTests */ = {
			isa = PBXGroup;
			children = (
				1848AD6919C8242E0036318E /* DKPageScrollViewTests.m */,
				1848AD6419C8242E0036318E /* Supporting Files */,
			);
			path = DKPageScrollViewTests;
			sourceTree = "<group>";
		};
		1848AD6419C8242E0036318E /* Supporting Files */ = {
			isa = PBXGroup;
			children = (
				1848AD6519C8242E0036318E /* DKPageScrollViewTests-Info.plist */,
				1848AD6619C8242E0036318E /* InfoPlist.strings */,
			);
			name = "Supporting Files";
			sourceTree = "<group>";
		};
		1848AD7819C824980036318E /* classes */ = {
			isa = PBXGroup;
			children = (
				1848AD7919C824DA0036318E /* DKPageScrollView.h */,
				1848AD7A19C824DA0036318E /* DKPageScrollView.m */,
			);
			name = classes;
			sourceTree = "<group>";
		};
/* End PBXGroup section */

/* Begin PBXNativeTarget section */
		1848AD4019C8242E0036318E /* DKPageScrollView */ = {
			isa = PBXNativeTarget;
			buildConfigurationList = 1848AD6D19C8242E0036318E /* Build configuration list for PBXNativeTarget "DKPageScrollView" */;
			buildPhases = (
				1848AD3D19C8242E0036318E /* Sources */,
				1848AD3E19C8242E0036318E /* Frameworks */,
				1848AD3F19C8242E0036318E /* Resources */,
			);
			buildRules = (
			);
			dependencies = (
			);
			name = DKPageScrollView;
			productName = DKPageScrollView;
			productReference = 1848AD4119C8242E0036318E /* DKPageScrollView.app */;
			productType = "com.apple.product-type.application";
		};
		1848AD5B19C8242E0036318E /* DKPageScrollViewTests */ = {
			isa = PBXNativeTarget;
			buildConfigurationList = 1848AD7019C8242E0036318E /* Build configuration list for PBXNativeTarget "DKPageScrollViewTests" */;
			buildPhases = (
				1848AD5819C8242E0036318E /* Sources */,
				1848AD5919C8242E0036318E /* Frameworks */,
				1848AD5A19C8242E0036318E /* Resources */,
			);
			buildRules = (
			);
			dependencies = (
				1848AD6219C8242E0036318E /* PBXTargetDependency */,
			);
			name = DKPageScrollViewTests;
			productName = DKPageScrollViewTests;
			productReference = 1848AD5C19C8242E0036318E /* DKPageScrollViewTests.xctest */;
			productType = "com.apple.product-type.bundle.unit-test";
		};
/* End PBXNativeTarget section */

/* Begin PBXProject section */
		1848AD3919C8242E0036318E /* Project object */ = {
			isa = PBXProject;
			attributes = {
				CLASSPREFIX = DK;
				LastUpgradeCheck = 0510;
				ORGANIZATIONNAME = ldk;
				TargetAttributes = {
					1848AD4019C8242E0036318E = {
						DevelopmentTeam = 6Q72F76TU8;
					};
					1848AD5B19C8242E0036318E = {
						TestTargetID = 1848AD4019C8242E0036318E;
					};
				};
			};
			buildConfigurationList = 1848AD3C19C8242E0036318E /* Build configuration list for PBXProject "DKPageScrollView" */;
			compatibilityVersion = "Xcode 3.2";
			developmentRegion = English;
			hasScannedForEncodings = 0;
			knownRegions = (
				en,
			);
			mainGroup = 1848AD3819C8242E0036318E;
			productRefGroup = 1848AD4219C8242E0036318E /* Products */;
			projectDirPath = "";
			projectRoot = "";
			targets = (
				1848AD4019C8242E0036318E /* DKPageScrollView */,
				1848AD5B19C8242E0036318E /* DKPageScrollViewTests */,
			);
		};
/* End PBXProject section */

/* Begin PBXResourcesBuildPhase section */
		1848AD3F19C8242E0036318E /* Resources */ = {
			isa = PBXResourcesBuildPhase;
			buildActionMask = 2147483647;
			files = (
				1848AD7719C8243F0036318E /* DKTestViewController.xib in Resources */,
				1848AD4F19C8242E0036318E /* InfoPlist.strings in Resources */,
				1848AD5719C8242E0036318E /* Images.xcassets in Resources */,
			);
			runOnlyForDeploymentPostprocessing = 0;
		};
		1848AD5A19C8242E0036318E /* Resources */ = {
			isa = PBXResourcesBuildPhase;
			buildActionMask = 2147483647;
			files = (
				1848AD6819C8242E0036318E /* InfoPlist.strings in Resources */,
			);
			runOnlyForDeploymentPostprocessing = 0;
		};
/* End PBXResourcesBuildPhase section */

/* Begin PBXSourcesBuildPhase section */
		1848AD3D19C8242E0036318E /* Sources */ = {
			isa = PBXSourcesBuildPhase;
			buildActionMask = 2147483647;
			files = (
				1848AD7619C8243F0036318E /* DKTestViewController.m in Sources */,
				1848AD5119C8242E0036318E /* main.m in Sources */,
				1848AD5519C8242E0036318E /* DKAppDelegate.m in Sources */,
				1848AD7B19C824DA0036318E /* DKPageScrollView.m in Sources */,
			);
			runOnlyForDeploymentPostprocessing = 0;
		};
		1848AD5819C8242E0036318E /* Sources */ = {
			isa = PBXSourcesBuildPhase;
			buildActionMask = 2147483647;
			files = (
				1848AD6A19C8242E0036318E /* DKPageScrollViewTests.m in Sources */,
			);
			runOnlyForDeploymentPostprocessing = 0;
		};
/* End PBXSourcesBuildPhase section */

/* Begin PBXTargetDependency section */
		1848AD6219C8242E0036318E /* PBXTargetDependency */ = {
			isa = PBXTargetDependency;
			target = 1848AD4019C8242E0036318E /* DKPageScrollView */;
			targetProxy = 1848AD6119C8242E0036318E /* PBXContainerItemProxy */;
		};
/* End PBXTargetDependency section */

/* Begin PBXVariantGroup section */
		1848AD4D19C8242E0036318E /* InfoPlist.strings */ = {
			isa = PBXVariantGroup;
			children = (
				1848AD4E19C8242E0036318E /* en */,
			);
			name = InfoPlist.strings;
			sourceTree = "<group>";
		};
		1848AD6619C8242E0036318E /* InfoPlist.strings */ = {
			isa = PBXVariantGroup;
			children = (
				1848AD6719C8242E0036318E /* en */,
			);
			name = InfoPlist.strings;
			sourceTree = "<group>";
		};
/* End PBXVariantGroup section */

/* Begin XCBuildConfiguration section */
		1848AD6B19C8242E0036318E /* Debug */ = {
			isa = XCBuildConfiguration;
			buildSettings = {
				ALWAYS_SEARCH_USER_PATHS = NO;
				CLANG_CXX_LANGUAGE_STANDARD = "gnu++0x";
				CLANG_CXX_LIBRARY = "libc++";
				CLANG_ENABLE_MODULES = YES;
				CLANG_ENABLE_OBJC_ARC = YES;
				CLANG_WARN_BOOL_CONVERSION = YES;
				CLANG_WARN_CONSTANT_CONVERSION = YES;
				CLANG_WARN_DIRECT_OBJC_ISA_USAGE = YES_ERROR;
				CLANG_WARN_EMPTY_BODY = YES;
				CLANG_WARN_ENUM_CONVERSION = YES;
				CLANG_WARN_INT_CONVERSION = YES;
				CLANG_WARN_OBJC_ROOT_CLASS = YES_ERROR;
				CLANG_WARN__DUPLICATE_METHOD_MATCH = YES;
				"CODE_SIGN_IDENTITY[sdk=iphoneos*]" = "iPhone Developer";
				COPY_PHASE_STRIP = NO;
				GCC_C_LANGUAGE_STANDARD = gnu99;
				GCC_DYNAMIC_NO_PIC = NO;
				GCC_OPTIMIZATION_LEVEL = 0;
				GCC_PREPROCESSOR_DEFINITIONS = (
					"DEBUG=1",
					"$(inherited)",
				);
				GCC_SYMBOLS_PRIVATE_EXTERN = NO;
				GCC_WARN_64_TO_32_BIT_CONVERSION = YES;
				GCC_WARN_ABOUT_RETURN_TYPE = YES_ERROR;
				GCC_WARN_UNDECLARED_SELECTOR = YES;
				GCC_WARN_UNINITIALIZED_AUTOS = YES_AGGRESSIVE;
				GCC_WARN_UNUSED_FUNCTION = YES;
				GCC_WARN_UNUSED_VARIABLE = YES;
				IPHONEOS_DEPLOYMENT_TARGET = 7.1;
				ONLY_ACTIVE_ARCH = YES;
				SDKROOT = iphoneos;
			};
			name = Debug;
		};
		1848AD6C19C8242E0036318E /* Release */ = {
			isa = XCBuildConfiguration;
			buildSettings = {
				ALWAYS_SEARCH_USER_PATHS = NO;
				CLANG_CXX_LANGUAGE_STANDARD = "gnu++0x";
				CLANG_CXX_LIBRARY = "libc++";
				CLANG_ENABLE_MODULES = YES;
				CLANG_ENABLE_OBJC_ARC = YES;
				CLANG_WARN_BOOL_CONVERSION = YES;
				CLANG_WARN_CONSTANT_CONVERSION = YES;
				CLANG_WARN_DIRECT_OBJC_ISA_USAGE = YES_ERROR;
				CLANG_WARN_EMPTY_BODY = YES;
				CLANG_WARN_ENUM_CONVERSION = YES;
				CLANG_WARN_INT_CONVERSION = YES;
				CLANG_WARN_OBJC_ROOT_CLASS = YES_ERROR;
				CLANG_WARN__DUPLICATE_METHOD_MATCH = YES;
				"CODE_SIGN_IDENTITY[sdk=iphoneos*]" = "iPhone Developer";
				COPY_PHASE_STRIP = YES;
				ENABLE_NS_ASSERTIONS = NO;
				GCC_C_LANGUAGE_STANDARD = gnu99;
				GCC_WARN_64_TO_32_BIT_CONVERSION = YES;
				GCC_WARN_ABOUT_RETURN_TYPE = YES_ERROR;
				GCC_WARN_UNDECLARED_SELECTOR = YES;
				GCC_WARN_UNINITIALIZED_AUTOS = YES_AGGRESSIVE;
				GCC_WARN_UNUSED_FUNCTION = YES;
				GCC_WARN_UNUSED_VARIABLE = YES;
				IPHONEOS_DEPLOYMENT_TARGET = 7.1;
				SDKROOT = iphoneos;
				VALIDATE_PRODUCT = YES;
			};
			name = Release;
		};
		1848AD6E19C8242E0036318E /* Debug */ = {
			isa = XCBuildConfiguration;
			buildSettings = {
				ASSETCATALOG_COMPILER_APPICON_NAME = AppIcon;
				ASSETCATALOG_COMPILER_LAUNCHIMAGE_NAME = LaunchImage;
				CODE_SIGN_IDENTITY = "";
				"CODE_SIGN_IDENTITY[sdk=iphoneos*]" = "iPhone Developer: lu yi (K36P5VLP9F)";
				GCC_PRECOMPILE_PREFIX_HEADER = YES;
				GCC_PREFIX_HEADER = "DKPageScrollView/DKPageScrollView-Prefix.pch";
				INFOPLIST_FILE = "DKPageScrollView/DKPageScrollView-Info.plist";
				PRODUCT_NAME = "$(TARGET_NAME)";
				PROVISIONING_PROFILE = "";
				WRAPPER_EXTENSION = app;
			};
			name = Debug;
		};
		1848AD6F19C8242E0036318E /* Release */ = {
			isa = XCBuildConfiguration;
			buildSettings = {
				ASSETCATALOG_COMPILER_APPICON_NAME = AppIcon;
				ASSETCATALOG_COMPILER_LAUNCHIMAGE_NAME = LaunchImage;
				CODE_SIGN_IDENTITY = "";
				"CODE_SIGN_IDENTITY[sdk=iphoneos*]" = "iPhone Developer: lu yi (K36P5VLP9F)";
				GCC_PRECOMPILE_PREFIX_HEADER = YES;
				GCC_PREFIX_HEADER = "DKPageScrollView/DKPageScrollView-Prefix.pch";
				INFOPLIST_FILE = "DKPageScrollView/DKPageScrollView-Info.plist";
				PRODUCT_NAME = "$(TARGET_NAME)";
				PROVISIONING_PROFILE = "";
				WRAPPER_EXTENSION = app;
			};
			name = Release;
		};
		1848AD7119C8242E0036318E /* Debug */ = {
			isa = XCBuildConfiguration;
			buildSettings = {
				BUNDLE_LOADER = "$(BUILT_PRODUCTS_DIR)/DKPageScrollView.app/DKPageScrollView";
				FRAMEWORK_SEARCH_PATHS = (
					"$(SDKROOT)/Developer/Library/Frameworks",
					"$(inherited)",
					"$(DEVELOPER_FRAMEWORKS_DIR)",
				);
				GCC_PRECOMPILE_PREFIX_HEADER = YES;
				GCC_PREFIX_HEADER = "DKPageScrollView/DKPageScrollView-Prefix.pch";
				GCC_PREPROCESSOR_DEFINITIONS = (
					"DEBUG=1",
					"$(inherited)",
				);
				INFOPLIST_FILE = "DKPageScrollViewTests/DKPageScrollViewTests-Info.plist";
				PRODUCT_NAME = "$(TARGET_NAME)";
				TEST_HOST = "$(BUNDLE_LOADER)";
				WRAPPER_EXTENSION = xctest;
			};
			name = Debug;
		};
		1848AD7219C8242E0036318E /* Release */ = {
			isa = XCBuildConfiguration;
			buildSettings = {
				BUNDLE_LOADER = "$(BUILT_PRODUCTS_DIR)/DKPageScrollView.app/DKPageScrollView";
				FRAMEWORK_SEARCH_PATHS = (
					"$(SDKROOT)/Developer/Library/Frameworks",
					"$(inherited)",
					"$(DEVELOPER_FRAMEWORKS_DIR)",
				);
				GCC_PRECOMPILE_PREFIX_HEADER = YES;
				GCC_PREFIX_HEADER = "DKPageScrollView/DKPageScrollView-Prefix.pch";
				INFOPLIST_FILE = "DKPageScrollViewTests/DKPageScrollViewTests-Info.plist";
				PRODUCT_NAME = "$(TARGET_NAME)";
				TEST_HOST = "$(BUNDLE_LOADER)";
				WRAPPER_EXTENSION = xctest;
			};
			name = Release;
		};
/* End XCBuildConfiguration section */

/* Begin XCConfigurationList section */
		1848AD3C19C8242E0036318E /* Build configuration list for PBXProject "DKPageScrollView" */ = {
			isa = XCConfigurationList;
			buildConfigurations = (
				1848AD6B19C8242E0036318E /* Debug */,
				1848AD6C19C8242E0036318E /* Release */,
			);
			defaultConfigurationIsVisible = 0;
			defaultConfigurationName = Release;
		};
		1848AD6D19C8242E0036318E /* Build configuration list for PBXNativeTarget "DKPageScrollView" */ = {
			isa = XCConfigurationList;
			buildConfigurations = (
				1848AD6E19C8242E0036318E /* Debug */,
				1848AD6F19C8242E0036318E /* Release */,
			);
			defaultConfigurationIsVisible = 0;
			defaultConfigurationName = Release;
		};
		1848AD7019C8242E0036318E /* Build configuration list for PBXNativeTarget "DKPageScrollViewTests" */ = {
			isa = XCConfigurationList;
			buildConfigurations = (
				1848AD7119C8242E0036318E /* Debug */,
				1848AD7219C8242E0036318E /* Release */,
			);
			defaultConfigurationIsVisible = 0;
			defaultConfigurationName = Release;
		};
/* End XCConfigurationList section */
	};
	rootObject = 1848AD3919C8242E0036318E /* Project object */;
}
